
Microsoft Visual Studio Solution File, Format Version 12.00
# Visual Studio Version 16
VisualStudioVersion = 16.0.32002.261
MinimumVisualStudioVersion = 10.0.40219.1
Project("{FAE04EC0-301F-11D3-BF4B-00C04F79EFBC}") = "ConsoleApp10", "ConsoleApp10\ConsoleApp10.csproj", "{27B60170-FB81-47D3-A469-D0D8A149987A}"
EndProject
Global
	GlobalSection(SolutionConfigurationPlatforms) = preSolution
		Debug|Any CPU = Debug|Any CPU
		Release|Any CPU = Release|Any CPU
	EndGlobalSection
	GlobalSection(ProjectConfigurationPlatforms) = postSolution
		{27B60170-FB81-47D3-A469-D0D8A149987A}.Debug|Any CPU.ActiveCfg = Debug|Any CPU
		{27B60170-FB81-47D3-A469-D0D8A149987A}.Debug|Any CPU.Build.0 = Debug|Any CPU
		{27B60170-FB81-47D3-A469-D0D8A149987A}.Release|Any CPU.ActiveCfg = Release|Any CPU
		{27B60170-FB81-47D3-A469-D0D8A149987A}.Release|Any CPU.Build.0 = Release|Any CPU
	EndGlobalSection
	GlobalSection(SolutionProperties) = preSolution
		HideSolutionNode = FALSE
	EndGlobalSection
	GlobalSection(ExtensibilityGlobals) = postSolution
		SolutionGuid = {A70F7699-EBBA-48FD-92FF-0FFAB1BC7852}
	EndGlobalSection
EndGlobal
